{
  "version": 2,
  "dependencies": {
    "net10.0": {
      "Microsoft.Extensions.AI": {
        "type": "Direct",
        "requested": "[10.7.0, )",
        "resolved": "10.7.0",
        "contentHash": "r8z4uyPq0kTk4+jH92/hPshf3HNUXKOQ9axJwp57QFz43G45BG4DNYpVE0vuSan1dI69LtWx9ttF0Z2ibnghNg==",
        "dependencies": {
          "Microsoft.Extensions.AI.Abstractions": "10.7.0",
          "Microsoft.Extensions.Caching.Abstractions": "10.0.9",
          "Microsoft.Extensions.DependencyInjection.Abstractions": "10.0.9",
          "Microsoft.Extensions.Logging.Abstractions": "10.0.9",
          "System.Numerics.Tensors": "10.0.9"
        }
      },
      "Microsoft.Extensions.AI.Abstractions": {
        "type": "Transitive",
        "resolved": "10.7.0",
        "contentHash": "Lf822igMm8NkTYHZhTp7kjoNYkLLEvJnX3SkG/LVBvsZHC0Y9choogHz8YtITBoy0TOylM3kVUZ6iaHf0my0ug=="
      },
      "Microsoft.Extensions.Caching.Abstractions": {
        "type": "Transitive",
        "resolved": "10.0.9",
        "contentHash": "5fGxcw2vuYp8s0wio9H1ECiuk4iKSdTIlNuigdLIrkhg+5XAwgFVDB/5Ots3pfN/QhABLYXutA79JFtnUKDSHA==",
        "dependencies": {
          "Microsoft.Extensions.Primitives": "10.0.9"
        }
      },
      "Microsoft.Extensions.DependencyInjection.Abstractions": {
        "type": "Transitive",
        "resolved": "10.0.9",
        "contentHash": "g41l/30G3K4B/d/L8kjux0+30e27c8D0FVQ/PFCpbekgfDpj9mnDhieP67EqXWvl1EWNeZh2rpR4F5B/jcDOHA=="
      },
      "Microsoft.Extensions.Logging.Abstractions": {
        "type": "Transitive",
        "resolved": "10.0.9",
        "contentHash": "9S/DFt4cohlMPpzIxjG6kk0L8MuN2vDm9pbMCulxtJzzk82oJHVLBd8vuQxaPskaYQwKqmFmbannf5eoChgjYg==",
        "dependencies": {
          "Microsoft.Extensions.DependencyInjection.Abstractions": "10.0.9"
        }
      },
      "Microsoft.Extensions.Primitives": {
        "type": "Transitive",
        "resolved": "10.0.9",
        "contentHash": "fmEbAUFsaIKirgLt/lYhuFRBwhcSJN31jjHgCdbQxJiWOum6EdLjkbgGuukSP9z/a+9LibaxII/kF+GwOXgC4g=="
      },
      "System.Numerics.Tensors": {
        "type": "Transitive",
        "resolved": "10.0.9",
        "contentHash": "Rb71S3gggYVwEce9ugNw91vbr4vC4gThtx/imSJtLBW3AupEKujJPPQL6xF9q0DcNm6+z7hnYk7XqXaUpA4wDg=="
      },
      "taxclaw.core": {
        "type": "Project"
      }
    }
  }
}